
Microsoft Visual Studio Solution File, Format Version 12.00
# Visual Studio 14
VisualStudioVersion = 14.0.23107.0
MinimumVisualStudioVersion = 10.0.40219.1
Project("{FAE04EC0-301F-11D3-BF4B-00C04F79EFBC}") = "PrettyPrintMoney", "PrettyPrintMoney\PrettyPrintMoney.csproj", "{7A290D77-E58F-4D42-89B4-9342E42233D8}"
EndProject
Project("{FAE04EC0-301F-11D3-BF4B-00C04F79EFBC}") = "PrettyPrintMoney.UnitTest", "PrettyPrintMoney.UnitTest\PrettyPrintMoney.UnitTest.csproj", "{94E96AE2-11BE-43E9-9D71-0347165D400A}"
EndProject
Project("{FAE04EC0-301F-11D3-BF4B-00C04F79EFBC}") = "PrettyPrintMoney.Console", "PrettyPrintMoney.Console\PrettyPrintMoney.Console.csproj", "{2CEDB87D-027F-4325-8649-0CCB63D721D2}"
EndProject
Global
	GlobalSection(SolutionConfigurationPlatforms) = preSolution
		Debug|Any CPU = Debug|Any CPU
		Release|Any CPU = Release|Any CPU
	EndGlobalSection
	GlobalSection(ProjectConfigurationPlatforms) = postSolution
		{7A290D77-E58F-4D42-89B4-9342E42233D8}.Debug|Any CPU.ActiveCfg = Debug|Any CPU
		{7A290D77-E58F-4D42-89B4-9342E42233D8}.Debug|Any CPU.Build.0 = Debug|Any CPU
		{7A290D77-E58F-4D42-89B4-9342E42233D8}.Release|Any CPU.ActiveCfg = Release|Any CPU
		{7A290D77-E58F-4D42-89B4-9342E42233D8}.Release|Any CPU.Build.0 = Release|Any CPU
		{94E96AE2-11BE-43E9-9D71-0347165D400A}.Debug|Any CPU.ActiveCfg = Debug|Any CPU
		{94E96AE2-11BE-43E9-9D71-0347165D400A}.Debug|Any CPU.Build.0 = Debug|Any CPU
		{94E96AE2-11BE-43E9-9D71-0347165D400A}.Release|Any CPU.ActiveCfg = Release|Any CPU
		{94E96AE2-11BE-43E9-9D71-0347165D400A}.Release|Any CPU.Build.0 = Release|Any CPU
		{2CEDB87D-027F-4325-8649-0CCB63D721D2}.Debug|Any CPU.ActiveCfg = Debug|Any CPU
		{2CEDB87D-027F-4325-8649-0CCB63D721D2}.Debug|Any CPU.Build.0 = Debug|Any CPU
		{2CEDB87D-027F-4325-8649-0CCB63D721D2}.Release|Any CPU.ActiveCfg = Release|Any CPU
		{2CEDB87D-027F-4325-8649-0CCB63D721D2}.Release|Any CPU.Build.0 = Release|Any CPU
	EndGlobalSection
	GlobalSection(SolutionProperties) = preSolution
		HideSolutionNode = FALSE
	EndGlobalSection
EndGlobal
